
Microsoft Visual Studio Solution File, Format Version 12.00
# Visual Studio Version 16
VisualStudioVersion = 16.0.28606.126
MinimumVisualStudioVersion = 10.0.40219.1
Project("{FAE04EC0-301F-11D3-BF4B-00C04F79EFBC}") = "LambdaForums", "LambdaForums\LambdaForums.csproj", "{F4A904F6-D6DD-43F5-9AEB-FCB46344E548}"
EndProject
Project("{FAE04EC0-301F-11D3-BF4B-00C04F79EFBC}") = "LambdaForums.Data", "LambdaForums.Data\LambdaForums.Data.csproj", "{B729C3A1-0F20-4EB0-8868-C341A86DCAC9}"
EndProject
Global
	GlobalSection(SolutionConfigurationPlatforms) = preSolution
		Debug|Any CPU = Debug|Any CPU
		Release|Any CPU = Release|Any CPU
	EndGlobalSection
	GlobalSection(ProjectConfigurationPlatforms) = postSolution
		{F4A904F6-D6DD-43F5-9AEB-FCB46344E548}.Debug|Any CPU.ActiveCfg = Debug|Any CPU
		{F4A904F6-D6DD-43F5-9AEB-FCB46344E548}.Debug|Any CPU.Build.0 = Debug|Any CPU
		{F4A904F6-D6DD-43F5-9AEB-FCB46344E548}.Release|Any CPU.ActiveCfg = Release|Any CPU
		{F4A904F6-D6DD-43F5-9AEB-FCB46344E548}.Release|Any CPU.Build.0 = Release|Any CPU
		{B729C3A1-0F20-4EB0-8868-C341A86DCAC9}.Debug|Any CPU.ActiveCfg = Debug|Any CPU
		{B729C3A1-0F20-4EB0-8868-C341A86DCAC9}.Debug|Any CPU.Build.0 = Debug|Any CPU
		{B729C3A1-0F20-4EB0-8868-C341A86DCAC9}.Release|Any CPU.ActiveCfg = Release|Any CPU
		{B729C3A1-0F20-4EB0-8868-C341A86DCAC9}.Release|Any CPU.Build.0 = Release|Any CPU
	EndGlobalSection
	GlobalSection(SolutionProperties) = preSolution
		HideSolutionNode = FALSE
	EndGlobalSection
	GlobalSection(ExtensibilityGlobals) = postSolution
		SolutionGuid = {80B05060-FB7F-4D73-A735-345D121E9A02}
	EndGlobalSection
EndGlobal
